
Microsoft Visual Studio Solution File, Format Version 12.00
# Visual Studio Version 17
VisualStudioVersion = 17.7.34221.43
MinimumVisualStudioVersion = 10.0.40219.1
Project("{9A19103F-16F7-4668-BE54-9A1E7A4F7556}") = "Luceed", "Luceed\Luceed.csproj", "{29865502-4687-4E75-A8F7-269A537467CB}"
EndProject
Project("{FAE04EC0-301F-11D3-BF4B-00C04F79EFBC}") = "LuceedAPI", "LuceedAPI\LuceedAPI.csproj", "{EC54E3DC-C8A4-4E30-9307-5EA9D3C7CC58}"
EndProject
Global
	GlobalSection(SolutionConfigurationPlatforms) = preSolution
		Debug|Any CPU = Debug|Any CPU
		Release|Any CPU = Release|Any CPU
	EndGlobalSection
	GlobalSection(ProjectConfigurationPlatforms) = postSolution
		{29865502-4687-4E75-A8F7-269A537467CB}.Debug|Any CPU.ActiveCfg = Debug|Any CPU
		{29865502-4687-4E75-A8F7-269A537467CB}.Debug|Any CPU.Build.0 = Debug|Any CPU
		{29865502-4687-4E75-A8F7-269A537467CB}.Release|Any CPU.ActiveCfg = Release|Any CPU
		{29865502-4687-4E75-A8F7-269A537467CB}.Release|Any CPU.Build.0 = Release|Any CPU
		{EC54E3DC-C8A4-4E30-9307-5EA9D3C7CC58}.Debug|Any CPU.ActiveCfg = Debug|Any CPU
		{EC54E3DC-C8A4-4E30-9307-5EA9D3C7CC58}.Debug|Any CPU.Build.0 = Debug|Any CPU
		{EC54E3DC-C8A4-4E30-9307-5EA9D3C7CC58}.Release|Any CPU.ActiveCfg = Release|Any CPU
		{EC54E3DC-C8A4-4E30-9307-5EA9D3C7CC58}.Release|Any CPU.Build.0 = Release|Any CPU
	EndGlobalSection
	GlobalSection(SolutionProperties) = preSolution
		HideSolutionNode = FALSE
	EndGlobalSection
	GlobalSection(ExtensibilityGlobals) = postSolution
		SolutionGuid = {E7DB69D4-EEAD-40EF-BF7A-25C0D0746314}
	EndGlobalSection
EndGlobal
